{
  "version": 4,
  "terraform_version": "1.16.3",
  "serial": 2,
  "lineage": "17a3d8f6-8a1f-da2c-405c-434283f08ade",
  "outputs": {
    "vms_ips": {
      "value": {
        "alpine-node": "172.19.44.29",
        "ubuntu-node": "172.19.44.28"
      },
      "type": [
        "object",
        {
          "alpine-node": "string",
          "ubuntu-node": "string"
        }
      ]
    }
  },
  "resources": [
    {
      "mode": "managed",
      "type": "virtualbox_vm",
      "name": "cluster",
      "provider": "provider[\"registry.terraform.io/terra-farm/virtualbox\"]",
      "instances": [
        {
          "index_key": "alpine-node",
          "schema_version": 0,
          "attributes": {
            "boot_order": null,
            "checksum": null,
            "checksum_type": null,
            "cpus": 1,
            "id": "31f753e3-8714-42c0-b302-2b7219059603",
            "image": "./alpine318_generic",
            "memory": "512 mib",
            "name": "alpine-node",
            "network_adapter": [
              {
                "device": "IntelPro1000MTServer",
                "host_interface": "Intel(R) Ethernet Connection (11) I219-LM",
                "ipv4_address": "172.19.44.29",
                "ipv4_address_available": "yes",
                "mac_address": "08002745B067",
                "status": "up",
                "type": "bridged"
              }
            ],
            "optical_disks": null,
            "status": "running",
            "url": null,
            "user_data": null
          },
          "sensitive_attributes": [],
          "identity_schema_version": 0,
          "private": "bnVsbA=="
        },
        {
          "index_key": "ubuntu-node",
          "schema_version": 0,
          "attributes": {
            "boot_order": null,
            "checksum": null,
            "checksum_type": null,
            "cpus": 1,
            "id": "74f3a5fb-cd92-4419-983b-d3285504580d",
            "image": "./trusty-server-cloudimg-amd64-vagrant-disk1.box",
            "memory": "1.0 gib",
            "name": "ubuntu-node",
            "network_adapter": [
              {
                "device": "IntelPro1000MTServer",
                "host_interface": "Intel(R) Ethernet Connection (11) I219-LM",
                "ipv4_address": "172.19.44.28",
                "ipv4_address_available": "yes",
                "mac_address": "080027740E7A",
                "status": "up",
                "type": "bridged"
              }
            ],
            "optical_disks": null,
            "status": "running",
            "url": null,
            "user_data": null
          },
          "sensitive_attributes": [],
          "identity_schema_version": 0,
          "private": "bnVsbA=="
        }
      ]
    }
  ],
  "check_results": null
}
